
Microsoft Visual Studio Solution File, Format Version 12.00
# Visual Studio Version 17
VisualStudioVersion = 17.9.34701.34
MinimumVisualStudioVersion = 10.0.40219.1
Project("{FAE04EC0-301F-11D3-BF4B-00C04F79EFBC}") = "webapp", "webapp\webapp.csproj", "{4D67245D-2B54-4790-AAA1-A630679AD21A}"
EndProject
Global
	GlobalSection(SolutionConfigurationPlatforms) = preSolution
		Debug|Any CPU = Debug|Any CPU
		Release|Any CPU = Release|Any CPU
	EndGlobalSection
	GlobalSection(ProjectConfigurationPlatforms) = postSolution
		{4D67245D-2B54-4790-AAA1-A630679AD21A}.Debug|Any CPU.ActiveCfg = Debug|Any CPU
		{4D67245D-2B54-4790-AAA1-A630679AD21A}.Debug|Any CPU.Build.0 = Debug|Any CPU
		{4D67245D-2B54-4790-AAA1-A630679AD21A}.Release|Any CPU.ActiveCfg = Release|Any CPU
		{4D67245D-2B54-4790-AAA1-A630679AD21A}.Release|Any CPU.Build.0 = Release|Any CPU
	EndGlobalSection
	GlobalSection(SolutionProperties) = preSolution
		HideSolutionNode = FALSE
	EndGlobalSection
	GlobalSection(ExtensibilityGlobals) = postSolution
		SolutionGuid = {012B070C-D47F-4AAC-8FDC-386E0BD9950B}
	EndGlobalSection
EndGlobal
